
Microsoft Visual Studio Solution File, Format Version 12.00
# Visual Studio 15
VisualStudioVersion = 15.0.28307.271
MinimumVisualStudioVersion = 10.0.40219.1
Project("{FAE04EC0-301F-11D3-BF4B-00C04F79EFBC}") = "movieLibrary", "movieLibrary\movieLibrary.csproj", "{FC6FF212-1613-433C-9D7E-496A6922362F}"
EndProject
Global
	GlobalSection(SolutionConfigurationPlatforms) = preSolution
		Debug|Any CPU = Debug|Any CPU
		Release|Any CPU = Release|Any CPU
	EndGlobalSection
	GlobalSection(ProjectConfigurationPlatforms) = postSolution
		{FC6FF212-1613-433C-9D7E-496A6922362F}.Debug|Any CPU.ActiveCfg = Debug|Any CPU
		{FC6FF212-1613-433C-9D7E-496A6922362F}.Debug|Any CPU.Build.0 = Debug|Any CPU
		{FC6FF212-1613-433C-9D7E-496A6922362F}.Release|Any CPU.ActiveCfg = Release|Any CPU
		{FC6FF212-1613-433C-9D7E-496A6922362F}.Release|Any CPU.Build.0 = Release|Any CPU
	EndGlobalSection
	GlobalSection(SolutionProperties) = preSolution
		HideSolutionNode = FALSE
	EndGlobalSection
	GlobalSection(ExtensibilityGlobals) = postSolution
		SolutionGuid = {4A286E64-EC40-4150-901B-14DDCAD45E90}
	EndGlobalSection
EndGlobal
