
Microsoft Visual Studio Solution File, Format Version 12.00
# Visual Studio 15
VisualStudioVersion = 15.0.28307.271
MinimumVisualStudioVersion = 10.0.40219.1
Project("{FAE04EC0-301F-11D3-BF4B-00C04F79EFBC}") = "movieLibrary", "movieLibrary\movieLibrary.csproj", "{3D814332-2271-465C-B1CD-B989D42CF354}"
EndProject
Global
	GlobalSection(SolutionConfigurationPlatforms) = preSolution
		Debug|Any CPU = Debug|Any CPU
		Release|Any CPU = Release|Any CPU
	EndGlobalSection
	GlobalSection(ProjectConfigurationPlatforms) = postSolution
		{3D814332-2271-465C-B1CD-B989D42CF354}.Debug|Any CPU.ActiveCfg = Debug|Any CPU
		{3D814332-2271-465C-B1CD-B989D42CF354}.Debug|Any CPU.Build.0 = Debug|Any CPU
		{3D814332-2271-465C-B1CD-B989D42CF354}.Release|Any CPU.ActiveCfg = Release|Any CPU
		{3D814332-2271-465C-B1CD-B989D42CF354}.Release|Any CPU.Build.0 = Release|Any CPU
	EndGlobalSection
	GlobalSection(SolutionProperties) = preSolution
		HideSolutionNode = FALSE
	EndGlobalSection
	GlobalSection(ExtensibilityGlobals) = postSolution
		SolutionGuid = {C520F57F-C8CA-4032-A3A3-47B45B289974}
	EndGlobalSection
EndGlobal
